
Microsoft Visual Studio Solution File, Format Version 12.00
# Visual Studio Version 17
VisualStudioVersion = 17.8.34511.84
MinimumVisualStudioVersion = 10.0.40219.1
Project("{FAE04EC0-301F-11D3-BF4B-00C04F79EFBC}") = "INTEC.Solution", "INTEC.Solution.csproj", "{26E62850-BD87-4FEE-BDC1-6B09AD57011C}"
EndProject
Global
	GlobalSection(SolutionConfigurationPlatforms) = preSolution
		Debug|Any CPU = Debug|Any CPU
		Release|Any CPU = Release|Any CPU
	EndGlobalSection
	GlobalSection(ProjectConfigurationPlatforms) = postSolution
		{26E62850-BD87-4FEE-BDC1-6B09AD57011C}.Debug|Any CPU.ActiveCfg = Debug|Any CPU
		{26E62850-BD87-4FEE-BDC1-6B09AD57011C}.Debug|Any CPU.Build.0 = Debug|Any CPU
		{26E62850-BD87-4FEE-BDC1-6B09AD57011C}.Release|Any CPU.ActiveCfg = Release|Any CPU
		{26E62850-BD87-4FEE-BDC1-6B09AD57011C}.Release|Any CPU.Build.0 = Release|Any CPU
	EndGlobalSection
	GlobalSection(SolutionProperties) = preSolution
		HideSolutionNode = FALSE
	EndGlobalSection
	GlobalSection(ExtensibilityGlobals) = postSolution
		SolutionGuid = {EA487B6F-9E56-459F-8875-116ADA6308E2}
	EndGlobalSection
EndGlobal
